
Microsoft Visual Studio Solution File, Format Version 12.00
Project("{FAE04EC0-301F-11D3-BF4B-00C04F79EFBC}") = "FlipIntegration", "FlipIntegration\FlipIntegration.csproj", "{F5E6C9E5-A923-4ED8-8C5D-33C2924A1E5E}"
EndProject
Global
	GlobalSection(SolutionConfigurationPlatforms) = preSolution
		Debug|Any CPU = Debug|Any CPU
		Release|Any CPU = Release|Any CPU
	EndGlobalSection
	GlobalSection(ProjectConfigurationPlatforms) = postSolution
		{F5E6C9E5-A923-4ED8-8C5D-33C2924A1E5E}.Debug|Any CPU.ActiveCfg = Debug|Any CPU
		{F5E6C9E5-A923-4ED8-8C5D-33C2924A1E5E}.Debug|Any CPU.Build.0 = Debug|Any CPU
		{F5E6C9E5-A923-4ED8-8C5D-33C2924A1E5E}.Release|Any CPU.ActiveCfg = Release|Any CPU
		{F5E6C9E5-A923-4ED8-8C5D-33C2924A1E5E}.Release|Any CPU.Build.0 = Release|Any CPU
	EndGlobalSection
EndGlobal
